
Microsoft Visual Studio Solution File, Format Version 12.00
# Visual Studio Version 17
VisualStudioVersion = 17.5.33627.172
MinimumVisualStudioVersion = 10.0.40219.1
Project("{FAE04EC0-301F-11D3-BF4B-00C04F79EFBC}") = "CRG-E-Ticaret", "ETICARET\CRG-E-Ticaret.csproj", "{7A5E5453-FFE2-4226-AC28-043E15B1EFFA}"
EndProject
Global
	GlobalSection(SolutionConfigurationPlatforms) = preSolution
		Debug|Any CPU = Debug|Any CPU
		Release|Any CPU = Release|Any CPU
	EndGlobalSection
	GlobalSection(ProjectConfigurationPlatforms) = postSolution
		{7A5E5453-FFE2-4226-AC28-043E15B1EFFA}.Debug|Any CPU.ActiveCfg = Debug|Any CPU
		{7A5E5453-FFE2-4226-AC28-043E15B1EFFA}.Debug|Any CPU.Build.0 = Debug|Any CPU
		{7A5E5453-FFE2-4226-AC28-043E15B1EFFA}.Release|Any CPU.ActiveCfg = Release|Any CPU
		{7A5E5453-FFE2-4226-AC28-043E15B1EFFA}.Release|Any CPU.Build.0 = Release|Any CPU
	EndGlobalSection
	GlobalSection(SolutionProperties) = preSolution
		HideSolutionNode = FALSE
	EndGlobalSection
	GlobalSection(ExtensibilityGlobals) = postSolution
		SolutionGuid = {CA007B92-35E7-4447-8DA0-ACA6B720A403}
	EndGlobalSection
EndGlobal
